
Microsoft Visual Studio Solution File, Format Version 12.00
# Visual Studio Version 16
VisualStudioVersion = 16.0.29324.140
MinimumVisualStudioVersion = 10.0.40219.1
Project("{8BC9CEB8-8B4A-11D0-8D11-00A0C91BC942}") = "1 Лаба", "1 Лаба\1 Лаба.vcxproj", "{2139C91B-2E26-4E46-A622-16DB31E111D6}"
EndProject
Project("{8BC9CEB8-8B4A-11D0-8D11-00A0C91BC942}") = "2 Лаба", "2 Лаба\2 Лаба.vcxproj", "{96F97A6E-01C2-4DD9-9886-FE38DC912B5A}"
EndProject
Project("{8BC9CEB8-8B4A-11D0-8D11-00A0C91BC942}") = "3 Лаба", "3 Лаба\3 Лаба.vcxproj", "{AE1AC9C1-ABB5-4DDB-BD30-923576A77F2F}"
EndProject
Project("{8BC9CEB8-8B4A-11D0-8D11-00A0C91BC942}") = "4 Лаба", "4 Лаба\4 Лаба.vcxproj", "{C420C9D5-FF03-4193-AFB9-180BD6F14639}"
EndProject
Project("{8BC9CEB8-8B4A-11D0-8D11-00A0C91BC942}") = "5 Лаба", "5 Лаба\5 Лаба.vcxproj", "{D4598BE1-DB3C-444D-94B6-F6BC8BE608FD}"
EndProject
Project("{8BC9CEB8-8B4A-11D0-8D11-00A0C91BC942}") = "6 лаба", "6 лаба\6 лаба.vcxproj", "{B5BF3896-9089-4866-AAB8-04CC071E91FF}"
EndProject
Project("{8BC9CEB8-8B4A-11D0-8D11-00A0C91BC942}") = "7 лаба", "7 лаба\7 лаба.vcxproj", "{B41F8A6B-D0FB-4ECC-90C3-0D842A4B4048}"
EndProject
Global
	GlobalSection(SolutionConfigurationPlatforms) = preSolution
		Debug|x64 = Debug|x64
		Debug|x86 = Debug|x86
		Release|x64 = Release|x64
		Release|x86 = Release|x86
	EndGlobalSection
	GlobalSection(ProjectConfigurationPlatforms) = postSolution
		{2139C91B-2E26-4E46-A622-16DB31E111D6}.Debug|x64.ActiveCfg = Debug|x64
		{2139C91B-2E26-4E46-A622-16DB31E111D6}.Debug|x64.Build.0 = Debug|x64
		{2139C91B-2E26-4E46-A622-16DB31E111D6}.Debug|x86.ActiveCfg = Debug|Win32
		{2139C91B-2E26-4E46-A622-16DB31E111D6}.Debug|x86.Build.0 = Debug|Win32
		{2139C91B-2E26-4E46-A622-16DB31E111D6}.Release|x64.ActiveCfg = Release|x64
		{2139C91B-2E26-4E46-A622-16DB31E111D6}.Release|x64.Build.0 = Release|x64
		{2139C91B-2E26-4E46-A622-16DB31E111D6}.Release|x86.ActiveCfg = Release|Win32
		{2139C91B-2E26-4E46-A622-16DB31E111D6}.Release|x86.Build.0 = Release|Win32
		{96F97A6E-01C2-4DD9-9886-FE38DC912B5A}.Debug|x64.ActiveCfg = Debug|x64
		{96F97A6E-01C2-4DD9-9886-FE38DC912B5A}.Debug|x64.Build.0 = Debug|x64
		{96F97A6E-01C2-4DD9-9886-FE38DC912B5A}.Debug|x86.ActiveCfg = Debug|Win32
		{96F97A6E-01C2-4DD9-9886-FE38DC912B5A}.Debug|x86.Build.0 = Debug|Win32
		{96F97A6E-01C2-4DD9-9886-FE38DC912B5A}.Release|x64.ActiveCfg = Release|x64
		{96F97A6E-01C2-4DD9-9886-FE38DC912B5A}.Release|x64.Build.0 = Release|x64
		{96F97A6E-01C2-4DD9-9886-FE38DC912B5A}.Release|x86.ActiveCfg = Release|Win32
		{96F97A6E-01C2-4DD9-9886-FE38DC912B5A}.Release|x86.Build.0 = Release|Win32
		{AE1AC9C1-ABB5-4DDB-BD30-923576A77F2F}.Debug|x64.ActiveCfg = Debug|x64
		{AE1AC9C1-ABB5-4DDB-BD30-923576A77F2F}.Debug|x64.Build.0 = Debug|x64
		{AE1AC9C1-ABB5-4DDB-BD30-923576A77F2F}.Debug|x86.ActiveCfg = Debug|Win32
		{AE1AC9C1-ABB5-4DDB-BD30-923576A77F2F}.Debug|x86.Build.0 = Debug|Win32
		{AE1AC9C1-ABB5-4DDB-BD30-923576A77F2F}.Release|x64.ActiveCfg = Release|x64
		{AE1AC9C1-ABB5-4DDB-BD30-923576A77F2F}.Release|x64.Build.0 = Release|x64
		{AE1AC9C1-ABB5-4DDB-BD30-923576A77F2F}.Release|x86.ActiveCfg = Release|Win32
		{AE1AC9C1-ABB5-4DDB-BD30-923576A77F2F}.Release|x86.Build.0 = Release|Win32
		{C420C9D5-FF03-4193-AFB9-180BD6F14639}.Debug|x64.ActiveCfg = Debug|x64
		{C420C9D5-FF03-4193-AFB9-180BD6F14639}.Debug|x64.Build.0 = Debug|x64
		{C420C9D5-FF03-4193-AFB9-180BD6F14639}.Debug|x86.ActiveCfg = Debug|Win32
		{C420C9D5-FF03-4193-AFB9-180BD6F14639}.Debug|x86.Build.0 = Debug|Win32
		{C420C9D5-FF03-4193-AFB9-180BD6F14639}.Release|x64.ActiveCfg = Release|x64
		{C420C9D5-FF03-4193-AFB9-180BD6F14639}.Release|x64.Build.0 = Release|x64
		{C420C9D5-FF03-4193-AFB9-180BD6F14639}.Release|x86.ActiveCfg = Release|Win32
		{C420C9D5-FF03-4193-AFB9-180BD6F14639}.Release|x86.Build.0 = Release|Win32
		{D4598BE1-DB3C-444D-94B6-F6BC8BE608FD}.Debug|x64.ActiveCfg = Debug|x64
		{D4598BE1-DB3C-444D-94B6-F6BC8BE608FD}.Debug|x64.Build.0 = Debug|x64
		{D4598BE1-DB3C-444D-94B6-F6BC8BE608FD}.Debug|x86.ActiveCfg = Debug|Win32
		{D4598BE1-DB3C-444D-94B6-F6BC8BE608FD}.Debug|x86.Build.0 = Debug|Win32
		{D4598BE1-DB3C-444D-94B6-F6BC8BE608FD}.Release|x64.ActiveCfg = Release|x64
		{D4598BE1-DB3C-444D-94B6-F6BC8BE608FD}.Release|x64.Build.0 = Release|x64
		{D4598BE1-DB3C-444D-94B6-F6BC8BE608FD}.Release|x86.ActiveCfg = Release|Win32
		{D4598BE1-DB3C-444D-94B6-F6BC8BE608FD}.Release|x86.Build.0 = Release|Win32
		{B5BF3896-9089-4866-AAB8-04CC071E91FF}.Debug|x64.ActiveCfg = Debug|x64
		{B5BF3896-9089-4866-AAB8-04CC071E91FF}.Debug|x64.Build.0 = Debug|x64
		{B5BF3896-9089-4866-AAB8-04CC071E91FF}.Debug|x86.ActiveCfg = Debug|Win32
		{B5BF3896-9089-4866-AAB8-04CC071E91FF}.Debug|x86.Build.0 = Debug|Win32
		{B5BF3896-9089-4866-AAB8-04CC071E91FF}.Release|x64.ActiveCfg = Release|x64
		{B5BF3896-9089-4866-AAB8-04CC071E91FF}.Release|x64.Build.0 = Release|x64
		{B5BF3896-9089-4866-AAB8-04CC071E91FF}.Release|x86.ActiveCfg = Release|Win32
		{B5BF3896-9089-4866-AAB8-04CC071E91FF}.Release|x86.Build.0 = Release|Win32
		{B41F8A6B-D0FB-4ECC-90C3-0D842A4B4048}.Debug|x64.ActiveCfg = Debug|x64
		{B41F8A6B-D0FB-4ECC-90C3-0D842A4B4048}.Debug|x64.Build.0 = Debug|x64
		{B41F8A6B-D0FB-4ECC-90C3-0D842A4B4048}.Debug|x86.ActiveCfg = Debug|Win32
		{B41F8A6B-D0FB-4ECC-90C3-0D842A4B4048}.Debug|x86.Build.0 = Debug|Win32
		{B41F8A6B-D0FB-4ECC-90C3-0D842A4B4048}.Release|x64.ActiveCfg = Release|x64
		{B41F8A6B-D0FB-4ECC-90C3-0D842A4B4048}.Release|x64.Build.0 = Release|x64
		{B41F8A6B-D0FB-4ECC-90C3-0D842A4B4048}.Release|x86.ActiveCfg = Release|Win32
		{B41F8A6B-D0FB-4ECC-90C3-0D842A4B4048}.Release|x86.Build.0 = Release|Win32
	EndGlobalSection
	GlobalSection(SolutionProperties) = preSolution
		HideSolutionNode = FALSE
	EndGlobalSection
	GlobalSection(ExtensibilityGlobals) = postSolution
		SolutionGuid = {2229D5A6-7D08-4FF9-9CC6-1AD6CB0CA59E}
	EndGlobalSection
EndGlobal
